# This file is automatically @generated by Cargo.
# It is not intended for manual editing.
version = 3

[[package]]
name = "rex-addressing"
version = "0.1.0"

[[package]]
name = "rex-chain"
version = "0.1.0"
dependencies = [
 "rex-addressing",
 "rex-kosinski",
]

[[package]]
name = "rex-kosinski"
version = "0.1.0"
